
Microsoft Visual Studio Solution File, Format Version 12.00
# Visual Studio Version 16
VisualStudioVersion = 25.0.1706.14
MinimumVisualStudioVersion = 10.0.40219.1
Project("{FAE04EC0-301F-11D3-BF4B-00C04F79EFBC}") = "lab_interfaces", "lab_interfaces\lab_interfaces.csproj", "{F5A12589-3DB9-4AA4-A718-BC25BDD68921}"
EndProject
Project("{FAE04EC0-301F-11D3-BF4B-00C04F79EFBC}") = "test_interfaces", "test_interfaces\test_interfaces.csproj", "{4A54472B-1385-43CA-B073-BF967C97756F}"
EndProject
Global
	GlobalSection(SolutionConfigurationPlatforms) = preSolution
		Debug|Any CPU = Debug|Any CPU
		Release|Any CPU = Release|Any CPU
	EndGlobalSection
	GlobalSection(ProjectConfigurationPlatforms) = postSolution
		{F5A12589-3DB9-4AA4-A718-BC25BDD68921}.Debug|Any CPU.ActiveCfg = Debug|Any CPU
		{F5A12589-3DB9-4AA4-A718-BC25BDD68921}.Debug|Any CPU.Build.0 = Debug|Any CPU
		{F5A12589-3DB9-4AA4-A718-BC25BDD68921}.Release|Any CPU.ActiveCfg = Release|Any CPU
		{F5A12589-3DB9-4AA4-A718-BC25BDD68921}.Release|Any CPU.Build.0 = Release|Any CPU
		{4A54472B-1385-43CA-B073-BF967C97756F}.Debug|Any CPU.ActiveCfg = Debug|Any CPU
		{4A54472B-1385-43CA-B073-BF967C97756F}.Debug|Any CPU.Build.0 = Debug|Any CPU
		{4A54472B-1385-43CA-B073-BF967C97756F}.Release|Any CPU.ActiveCfg = Release|Any CPU
		{4A54472B-1385-43CA-B073-BF967C97756F}.Release|Any CPU.Build.0 = Release|Any CPU
	EndGlobalSection
	GlobalSection(SolutionProperties) = preSolution
		HideSolutionNode = FALSE
	EndGlobalSection
	GlobalSection(ExtensibilityGlobals) = postSolution
		SolutionGuid = {A1707652-9012-4933-AB82-CC55C3F70F60}
	EndGlobalSection
EndGlobal
